
Microsoft Visual Studio Solution File, Format Version 12.00
# Visual Studio 14
VisualStudioVersion = 14.0.24720.0
MinimumVisualStudioVersion = 10.0.40219.1
Project("{FAE04EC0-301F-11D3-BF4B-00C04F79EFBC}") = "PeopleViewer", "PeopleViewer\PeopleViewer.csproj", "{EC6283B8-58C2-41FF-80C6-0C5C7A402541}"
EndProject
Project("{FAE04EC0-301F-11D3-BF4B-00C04F79EFBC}") = "PersonRepository.Interface", "PersonRepository.Interface\PersonRepository.Interface.csproj", "{07234EAC-B32F-4769-A4C5-83209A858829}"
EndProject
Project("{FAE04EC0-301F-11D3-BF4B-00C04F79EFBC}") = "People.Service", "People.Service\People.Service.csproj", "{5FE8AD75-B070-4A7F-9587-C40EE51BDD44}"
EndProject
Project("{2150E333-8FDC-42A3-9474-1A3956D46DE8}") = "Repositories", "Repositories", "{63EFAA00-EC9E-4969-B3A5-DE71AF74F746}"
EndProject
Project("{2150E333-8FDC-42A3-9474-1A3956D46DE8}") = "Services", "Services", "{CF2108D5-4AF0-4D6D-A519-391B353A771E}"
EndProject
Project("{FAE04EC0-301F-11D3-BF4B-00C04F79EFBC}") = "PersonRepository.Service", "PersonRepository.Service\PersonRepository.Service.csproj", "{C9CDFE5D-559B-4DA5-942C-00DC41594566}"
	ProjectSection(ProjectDependencies) = postProject
		{5FE8AD75-B070-4A7F-9587-C40EE51BDD44} = {5FE8AD75-B070-4A7F-9587-C40EE51BDD44}
	EndProjectSection
EndProject
Project("{FAE04EC0-301F-11D3-BF4B-00C04F79EFBC}") = "PersonRepository.CSV", "PersonRepository.CSV\PersonRepository.CSV.csproj", "{22D242EB-8113-49E3-8CC9-03A41E3B185E}"
EndProject
Project("{FAE04EC0-301F-11D3-BF4B-00C04F79EFBC}") = "PersonRepository.SQL", "PersonRepository.SQL\PersonRepository.SQL.csproj", "{003702D8-E922-4539-80D4-15AAB22FF29D}"
EndProject
Global
	GlobalSection(SolutionConfigurationPlatforms) = preSolution
		Debug|Any CPU = Debug|Any CPU
		Release|Any CPU = Release|Any CPU
	EndGlobalSection
	GlobalSection(ProjectConfigurationPlatforms) = postSolution
		{EC6283B8-58C2-41FF-80C6-0C5C7A402541}.Debug|Any CPU.ActiveCfg = Debug|Any CPU
		{EC6283B8-58C2-41FF-80C6-0C5C7A402541}.Debug|Any CPU.Build.0 = Debug|Any CPU
		{EC6283B8-58C2-41FF-80C6-0C5C7A402541}.Release|Any CPU.ActiveCfg = Release|Any CPU
		{EC6283B8-58C2-41FF-80C6-0C5C7A402541}.Release|Any CPU.Build.0 = Release|Any CPU
		{07234EAC-B32F-4769-A4C5-83209A858829}.Debug|Any CPU.ActiveCfg = Debug|Any CPU
		{07234EAC-B32F-4769-A4C5-83209A858829}.Debug|Any CPU.Build.0 = Debug|Any CPU
		{07234EAC-B32F-4769-A4C5-83209A858829}.Release|Any CPU.ActiveCfg = Release|Any CPU
		{07234EAC-B32F-4769-A4C5-83209A858829}.Release|Any CPU.Build.0 = Release|Any CPU
		{5FE8AD75-B070-4A7F-9587-C40EE51BDD44}.Debug|Any CPU.ActiveCfg = Debug|Any CPU
		{5FE8AD75-B070-4A7F-9587-C40EE51BDD44}.Debug|Any CPU.Build.0 = Debug|Any CPU
		{5FE8AD75-B070-4A7F-9587-C40EE51BDD44}.Release|Any CPU.ActiveCfg = Release|Any CPU
		{5FE8AD75-B070-4A7F-9587-C40EE51BDD44}.Release|Any CPU.Build.0 = Release|Any CPU
		{C9CDFE5D-559B-4DA5-942C-00DC41594566}.Debug|Any CPU.ActiveCfg = Debug|Any CPU
		{C9CDFE5D-559B-4DA5-942C-00DC41594566}.Debug|Any CPU.Build.0 = Debug|Any CPU
		{C9CDFE5D-559B-4DA5-942C-00DC41594566}.Release|Any CPU.ActiveCfg = Release|Any CPU
		{C9CDFE5D-559B-4DA5-942C-00DC41594566}.Release|Any CPU.Build.0 = Release|Any CPU
		{22D242EB-8113-49E3-8CC9-03A41E3B185E}.Debug|Any CPU.ActiveCfg = Debug|Any CPU
		{22D242EB-8113-49E3-8CC9-03A41E3B185E}.Debug|Any CPU.Build.0 = Debug|Any CPU
		{22D242EB-8113-49E3-8CC9-03A41E3B185E}.Release|Any CPU.ActiveCfg = Release|Any CPU
		{22D242EB-8113-49E3-8CC9-03A41E3B185E}.Release|Any CPU.Build.0 = Release|Any CPU
		{003702D8-E922-4539-80D4-15AAB22FF29D}.Debug|Any CPU.ActiveCfg = Debug|Any CPU
		{003702D8-E922-4539-80D4-15AAB22FF29D}.Debug|Any CPU.Build.0 = Debug|Any CPU
		{003702D8-E922-4539-80D4-15AAB22FF29D}.Release|Any CPU.ActiveCfg = Release|Any CPU
		{003702D8-E922-4539-80D4-15AAB22FF29D}.Release|Any CPU.Build.0 = Release|Any CPU
	EndGlobalSection
	GlobalSection(SolutionProperties) = preSolution
		HideSolutionNode = FALSE
	EndGlobalSection
	GlobalSection(NestedProjects) = preSolution
		{07234EAC-B32F-4769-A4C5-83209A858829} = {63EFAA00-EC9E-4969-B3A5-DE71AF74F746}
		{5FE8AD75-B070-4A7F-9587-C40EE51BDD44} = {CF2108D5-4AF0-4D6D-A519-391B353A771E}
		{C9CDFE5D-559B-4DA5-942C-00DC41594566} = {63EFAA00-EC9E-4969-B3A5-DE71AF74F746}
		{22D242EB-8113-49E3-8CC9-03A41E3B185E} = {63EFAA00-EC9E-4969-B3A5-DE71AF74F746}
		{003702D8-E922-4539-80D4-15AAB22FF29D} = {63EFAA00-EC9E-4969-B3A5-DE71AF74F746}
	EndGlobalSection
EndGlobal
